
Microsoft Visual Studio Solution File, Format Version 12.00
# Visual Studio Version 17
VisualStudioVersion = 17.0.31903.59
MinimumVisualStudioVersion = 10.0.40219.1
Project("{2150E333-8FDC-42A3-9474-1A3956D46DE8}") = "src", "src", "{19238352-ADD6-409B-9D40-87785A26A40F}"
EndProject
Project("{FAE04EC0-301F-11D3-BF4B-00C04F79EFBC}") = "Dw.Cli", "src\Dw.Cli\Dw.Cli.csproj", "{374A1975-4B8A-4B6F-8472-E3E81F09276D}"
EndProject
Project("{2150E333-8FDC-42A3-9474-1A3956D46DE8}") = "tests", "tests", "{9511A473-6478-497D-9F6F-65D0E36B8CF1}"
EndProject
Project("{FAE04EC0-301F-11D3-BF4B-00C04F79EFBC}") = "Dw.Cli.Tests", "tests\Dw.Cli.Tests\Dw.Cli.Tests.csproj", "{EA70FD8B-37D6-4993-AA6D-DBFC97241DE4}"
EndProject
Global
	GlobalSection(SolutionConfigurationPlatforms) = preSolution
		Debug|Any CPU = Debug|Any CPU
		Release|Any CPU = Release|Any CPU
	EndGlobalSection
	GlobalSection(SolutionProperties) = preSolution
		HideSolutionNode = FALSE
	EndGlobalSection
	GlobalSection(ProjectConfigurationPlatforms) = postSolution
		{374A1975-4B8A-4B6F-8472-E3E81F09276D}.Debug|Any CPU.ActiveCfg = Debug|Any CPU
		{374A1975-4B8A-4B6F-8472-E3E81F09276D}.Debug|Any CPU.Build.0 = Debug|Any CPU
		{374A1975-4B8A-4B6F-8472-E3E81F09276D}.Release|Any CPU.ActiveCfg = Release|Any CPU
		{374A1975-4B8A-4B6F-8472-E3E81F09276D}.Release|Any CPU.Build.0 = Release|Any CPU
		{EA70FD8B-37D6-4993-AA6D-DBFC97241DE4}.Debug|Any CPU.ActiveCfg = Debug|Any CPU
		{EA70FD8B-37D6-4993-AA6D-DBFC97241DE4}.Debug|Any CPU.Build.0 = Debug|Any CPU
		{EA70FD8B-37D6-4993-AA6D-DBFC97241DE4}.Release|Any CPU.ActiveCfg = Release|Any CPU
		{EA70FD8B-37D6-4993-AA6D-DBFC97241DE4}.Release|Any CPU.Build.0 = Release|Any CPU
	EndGlobalSection
	GlobalSection(NestedProjects) = preSolution
		{374A1975-4B8A-4B6F-8472-E3E81F09276D} = {19238352-ADD6-409B-9D40-87785A26A40F}
		{EA70FD8B-37D6-4993-AA6D-DBFC97241DE4} = {9511A473-6478-497D-9F6F-65D0E36B8CF1}
	EndGlobalSection
EndGlobal
